
Microsoft Visual Studio Solution File, Format Version 12.00
# Visual Studio 15
VisualStudioVersion = 15.0.26014.0
MinimumVisualStudioVersion = 10.0.40219.1
Project("{2150E333-8FDC-42A3-9474-1A3956D46DE8}") = "Demos", "Demos", "{EA1186A0-0547-4D6F-9385-4BB501FA0002}"
EndProject
Project("{FAE04EC0-301F-11D3-BF4B-00C04F79EFBC}") = "ConvNetSharp", "src\ConvNetSharp\ConvNetSharp.csproj", "{D36C5763-06A5-4D08-8B18-A77EA6CE841D}"
EndProject
Project("{FAE04EC0-301F-11D3-BF4B-00C04F79EFBC}") = "Regression1DDemo", "Examples\1DRegressionDemo\Regression1DDemo.csproj", "{BD005BA3-0E29-4A9F-82F8-41F7BA6D74E3}"
EndProject
Project("{FAE04EC0-301F-11D3-BF4B-00C04F79EFBC}") = "Classify2DDemo", "Examples\Classify2DDemo\Classify2DDemo.csproj", "{82699DBB-01C9-466C-8F5A-BEED6D206DC6}"
EndProject
Project("{FAE04EC0-301F-11D3-BF4B-00C04F79EFBC}") = "MnistDemo", "Examples\MnistDemo\MnistDemo.csproj", "{3A450B85-70D8-4059-9EF0-3E1D2C5BF677}"
EndProject
Project("{FAE04EC0-301F-11D3-BF4B-00C04F79EFBC}") = "MinimalExample", "Examples\MinimalExample\MinimalExample.csproj", "{F1BD453C-2678-40D7-96B8-1595C7F2AF65}"
EndProject
Project("{FAE04EC0-301F-11D3-BF4B-00C04F79EFBC}") = "ConvNetSharp.Tests", "src\ConvNetSharp.Tests\ConvNetSharp.Tests.csproj", "{78C15973-1276-48D4-BF66-B3F68FEB0350}"
EndProject
Project("{FAE04EC0-301F-11D3-BF4B-00C04F79EFBC}") = "FluentMnistDemo", "Examples\FluentMnistDemo\FluentMnistDemo.csproj", "{85C8D7B0-8377-4086-B4FC-D6D3AACD8DDD}"
EndProject
Global
	GlobalSection(SolutionConfigurationPlatforms) = preSolution
		Debug|Any CPU = Debug|Any CPU
		Release|Any CPU = Release|Any CPU
	EndGlobalSection
	GlobalSection(ProjectConfigurationPlatforms) = postSolution
		{D36C5763-06A5-4D08-8B18-A77EA6CE841D}.Debug|Any CPU.ActiveCfg = Debug|Any CPU
		{D36C5763-06A5-4D08-8B18-A77EA6CE841D}.Debug|Any CPU.Build.0 = Debug|Any CPU
		{D36C5763-06A5-4D08-8B18-A77EA6CE841D}.Release|Any CPU.ActiveCfg = Release|Any CPU
		{D36C5763-06A5-4D08-8B18-A77EA6CE841D}.Release|Any CPU.Build.0 = Release|Any CPU
		{BD005BA3-0E29-4A9F-82F8-41F7BA6D74E3}.Debug|Any CPU.ActiveCfg = Debug|Any CPU
		{BD005BA3-0E29-4A9F-82F8-41F7BA6D74E3}.Debug|Any CPU.Build.0 = Debug|Any CPU
		{BD005BA3-0E29-4A9F-82F8-41F7BA6D74E3}.Release|Any CPU.ActiveCfg = Release|Any CPU
		{BD005BA3-0E29-4A9F-82F8-41F7BA6D74E3}.Release|Any CPU.Build.0 = Release|Any CPU
		{82699DBB-01C9-466C-8F5A-BEED6D206DC6}.Debug|Any CPU.ActiveCfg = Debug|Any CPU
		{82699DBB-01C9-466C-8F5A-BEED6D206DC6}.Debug|Any CPU.Build.0 = Debug|Any CPU
		{82699DBB-01C9-466C-8F5A-BEED6D206DC6}.Release|Any CPU.ActiveCfg = Release|Any CPU
		{82699DBB-01C9-466C-8F5A-BEED6D206DC6}.Release|Any CPU.Build.0 = Release|Any CPU
		{3A450B85-70D8-4059-9EF0-3E1D2C5BF677}.Debug|Any CPU.ActiveCfg = Debug|Any CPU
		{3A450B85-70D8-4059-9EF0-3E1D2C5BF677}.Debug|Any CPU.Build.0 = Debug|Any CPU
		{3A450B85-70D8-4059-9EF0-3E1D2C5BF677}.Release|Any CPU.ActiveCfg = Release|Any CPU
		{3A450B85-70D8-4059-9EF0-3E1D2C5BF677}.Release|Any CPU.Build.0 = Release|Any CPU
		{F1BD453C-2678-40D7-96B8-1595C7F2AF65}.Debug|Any CPU.ActiveCfg = Debug|Any CPU
		{F1BD453C-2678-40D7-96B8-1595C7F2AF65}.Debug|Any CPU.Build.0 = Debug|Any CPU
		{F1BD453C-2678-40D7-96B8-1595C7F2AF65}.Release|Any CPU.ActiveCfg = Release|Any CPU
		{F1BD453C-2678-40D7-96B8-1595C7F2AF65}.Release|Any CPU.Build.0 = Release|Any CPU
		{78C15973-1276-48D4-BF66-B3F68FEB0350}.Debug|Any CPU.ActiveCfg = Debug|Any CPU
		{78C15973-1276-48D4-BF66-B3F68FEB0350}.Debug|Any CPU.Build.0 = Debug|Any CPU
		{78C15973-1276-48D4-BF66-B3F68FEB0350}.Release|Any CPU.ActiveCfg = Release|Any CPU
		{78C15973-1276-48D4-BF66-B3F68FEB0350}.Release|Any CPU.Build.0 = Release|Any CPU
		{85C8D7B0-8377-4086-B4FC-D6D3AACD8DDD}.Debug|Any CPU.ActiveCfg = Debug|Any CPU
		{85C8D7B0-8377-4086-B4FC-D6D3AACD8DDD}.Debug|Any CPU.Build.0 = Debug|Any CPU
		{85C8D7B0-8377-4086-B4FC-D6D3AACD8DDD}.Release|Any CPU.ActiveCfg = Release|Any CPU
		{85C8D7B0-8377-4086-B4FC-D6D3AACD8DDD}.Release|Any CPU.Build.0 = Release|Any CPU
	EndGlobalSection
	GlobalSection(SolutionProperties) = preSolution
		HideSolutionNode = FALSE
	EndGlobalSection
	GlobalSection(NestedProjects) = preSolution
		{BD005BA3-0E29-4A9F-82F8-41F7BA6D74E3} = {EA1186A0-0547-4D6F-9385-4BB501FA0002}
		{82699DBB-01C9-466C-8F5A-BEED6D206DC6} = {EA1186A0-0547-4D6F-9385-4BB501FA0002}
		{3A450B85-70D8-4059-9EF0-3E1D2C5BF677} = {EA1186A0-0547-4D6F-9385-4BB501FA0002}
		{F1BD453C-2678-40D7-96B8-1595C7F2AF65} = {EA1186A0-0547-4D6F-9385-4BB501FA0002}
		{85C8D7B0-8377-4086-B4FC-D6D3AACD8DDD} = {EA1186A0-0547-4D6F-9385-4BB501FA0002}
	EndGlobalSection
EndGlobal
