
Microsoft Visual Studio Solution File, Format Version 12.00
# Visual Studio 15
VisualStudioVersion = 15.0.26430.14
MinimumVisualStudioVersion = 10.0.40219.1
Project("{9A19103F-16F7-4668-BE54-9A1E7A4F7556}") = "ConvNetSharp.Volume", "src\ConvNetSharp.Volume\ConvNetSharp.Volume.csproj", "{1A285120-F2F0-4A94-AB31-B4E870679C0E}"
EndProject
Project("{9A19103F-16F7-4668-BE54-9A1E7A4F7556}") = "ConvNetSharp.Core.Nuget", "src\ConvNetSharp.Core\ConvNetSharp.Core.Nuget.csproj", "{5E39A653-0959-4145-9F16-3C962FC2F46C}"
EndProject
Project("{9A19103F-16F7-4668-BE54-9A1E7A4F7556}") = "ConvNetSharp.Volume.GPU.Nuget", "src\ConvNetSharp.Volume.GPU\ConvNetSharp.Volume.GPU.Nuget.csproj", "{43DD7008-2BB6-42DB-B0CF-087B86FE3D8F}"
EndProject
Project("{9A19103F-16F7-4668-BE54-9A1E7A4F7556}") = "ConvNetSharp.Flow.Nuget", "src\ConvNetSharp.Flow\ConvNetSharp.Flow.Nuget.csproj", "{33F6F287-80DC-4E94-854A-501B65D4CD15}"
EndProject
Global
	GlobalSection(SolutionConfigurationPlatforms) = preSolution
		Debug|Any CPU = Debug|Any CPU
		Release|Any CPU = Release|Any CPU
	EndGlobalSection
	GlobalSection(ProjectConfigurationPlatforms) = postSolution
		{1A285120-F2F0-4A94-AB31-B4E870679C0E}.Debug|Any CPU.ActiveCfg = Debug|Any CPU
		{1A285120-F2F0-4A94-AB31-B4E870679C0E}.Debug|Any CPU.Build.0 = Debug|Any CPU
		{1A285120-F2F0-4A94-AB31-B4E870679C0E}.Release|Any CPU.ActiveCfg = Release|Any CPU
		{1A285120-F2F0-4A94-AB31-B4E870679C0E}.Release|Any CPU.Build.0 = Release|Any CPU
		{5E39A653-0959-4145-9F16-3C962FC2F46C}.Debug|Any CPU.ActiveCfg = Debug|Any CPU
		{5E39A653-0959-4145-9F16-3C962FC2F46C}.Debug|Any CPU.Build.0 = Debug|Any CPU
		{5E39A653-0959-4145-9F16-3C962FC2F46C}.Release|Any CPU.ActiveCfg = Release|Any CPU
		{5E39A653-0959-4145-9F16-3C962FC2F46C}.Release|Any CPU.Build.0 = Release|Any CPU
		{43DD7008-2BB6-42DB-B0CF-087B86FE3D8F}.Debug|Any CPU.ActiveCfg = Debug|Any CPU
		{43DD7008-2BB6-42DB-B0CF-087B86FE3D8F}.Debug|Any CPU.Build.0 = Debug|Any CPU
		{43DD7008-2BB6-42DB-B0CF-087B86FE3D8F}.Release|Any CPU.ActiveCfg = Release|Any CPU
		{43DD7008-2BB6-42DB-B0CF-087B86FE3D8F}.Release|Any CPU.Build.0 = Release|Any CPU
		{33F6F287-80DC-4E94-854A-501B65D4CD15}.Debug|Any CPU.ActiveCfg = Debug|Any CPU
		{33F6F287-80DC-4E94-854A-501B65D4CD15}.Debug|Any CPU.Build.0 = Debug|Any CPU
		{33F6F287-80DC-4E94-854A-501B65D4CD15}.Release|Any CPU.ActiveCfg = Release|Any CPU
		{33F6F287-80DC-4E94-854A-501B65D4CD15}.Release|Any CPU.Build.0 = Release|Any CPU
	EndGlobalSection
	GlobalSection(SolutionProperties) = preSolution
		HideSolutionNode = FALSE
	EndGlobalSection
EndGlobal
