
Microsoft Visual Studio Solution File, Format Version 12.00
# Visual Studio 15
VisualStudioVersion = 15.0.26430.6
MinimumVisualStudioVersion = 10.0.40219.1
Project("{2150E333-8FDC-42A3-9474-1A3956D46DE8}") = "Demos", "Demos", "{52D65A64-6583-4C2B-A41B-009A739CCC80}"
EndProject
Project("{FAE04EC0-301F-11D3-BF4B-00C04F79EFBC}") = "ConvNetSharp.Core.2015", "src\ConvNetSharp.Core\ConvNetSharp.Core.2015.csproj", "{3A6864AF-30B4-4C0E-B621-3571E3D88B43}"
EndProject
Project("{FAE04EC0-301F-11D3-BF4B-00C04F79EFBC}") = "ConvNetSharp.Volume.2015", "src\ConvNetSharp.Volume\ConvNetSharp.Volume.2015.csproj", "{1A285120-F2F0-4A94-AB31-B4E870679C0E}"
EndProject
Project("{FAE04EC0-301F-11D3-BF4B-00C04F79EFBC}") = "ConvNetSharp.Core.Tests.2015", "src\ConvNetSharp.Core.Tests\ConvNetSharp.Core.Tests.2015.csproj", "{C9E4E74F-33CB-49CE-9C85-2AEFD702816A}"
EndProject
Project("{FAE04EC0-301F-11D3-BF4B-00C04F79EFBC}") = "ConvNetSharp.Volume.GPU.2015", "src\ConvNetSharp.Volume.GPU\ConvNetSharp.Volume.GPU.2015.csproj", "{BDCC5296-BFD4-411A-8F92-BF30AC85E0BA}"
EndProject
Project("{FAE04EC0-301F-11D3-BF4B-00C04F79EFBC}") = "ConvNetSharp.Volume.GPU.Tests.2015", "src\ConvNetSharp.Volume.GPU.Tests\ConvNetSharp.Volume.GPU.Tests.2015.csproj", "{10E7AE67-07A2-4748-A4FA-925F4B21758E}"
EndProject
Project("{FAE04EC0-301F-11D3-BF4B-00C04F79EFBC}") = "ConvNetSharp.Volume.Tests.2015", "src\ConvNetSharp.Volume.Tests\ConvNetSharp.Volume.Tests.2015.csproj", "{8AE8A717-6FEC-4F05-BECD-19A6CC293FB5}"
EndProject
Project("{FAE04EC0-301F-11D3-BF4B-00C04F79EFBC}") = "Classify2DDemo.2015", "Examples\Classify2DDemo\Classify2DDemo.2015.csproj", "{6F06E19D-1A85-420D-BF6A-674237C770E2}"
EndProject
Project("{FAE04EC0-301F-11D3-BF4B-00C04F79EFBC}") = "FluentMnistDemo.2015", "Examples\FluentMnistDemo\FluentMnistDemo.2015.csproj", "{E6BDA98E-74D3-4A5C-BA49-5D2D3CD127D3}"
EndProject
Project("{FAE04EC0-301F-11D3-BF4B-00C04F79EFBC}") = "MinimalExample.2015", "Examples\MinimalExample\MinimalExample.2015.csproj", "{5F1A2B64-4E3E-44B9-B63E-21D3EB075859}"
EndProject
Project("{FAE04EC0-301F-11D3-BF4B-00C04F79EFBC}") = "MnistDemo.2015", "Examples\MnistDemo\MnistDemo.2015.csproj", "{C113E052-9096-45A6-82BC-DD82C5001CE5}"
EndProject
Project("{FAE04EC0-301F-11D3-BF4B-00C04F79EFBC}") = "MnitsDemo.GPU.2015", "Examples\MnistDemo.GPU\MnitsDemo.GPU.2015.csproj", "{A8B66B25-6CE8-4B01-A622-D37D4A0029D0}"
EndProject
Global
	GlobalSection(SolutionConfigurationPlatforms) = preSolution
		Debug|Any CPU = Debug|Any CPU
		Release|Any CPU = Release|Any CPU
	EndGlobalSection
	GlobalSection(ProjectConfigurationPlatforms) = postSolution
		{3A6864AF-30B4-4C0E-B621-3571E3D88B43}.Debug|Any CPU.ActiveCfg = Debug|Any CPU
		{3A6864AF-30B4-4C0E-B621-3571E3D88B43}.Debug|Any CPU.Build.0 = Debug|Any CPU
		{3A6864AF-30B4-4C0E-B621-3571E3D88B43}.Release|Any CPU.ActiveCfg = Release|Any CPU
		{3A6864AF-30B4-4C0E-B621-3571E3D88B43}.Release|Any CPU.Build.0 = Release|Any CPU
		{1A285120-F2F0-4A94-AB31-B4E870679C0E}.Debug|Any CPU.ActiveCfg = Debug|Any CPU
		{1A285120-F2F0-4A94-AB31-B4E870679C0E}.Debug|Any CPU.Build.0 = Debug|Any CPU
		{1A285120-F2F0-4A94-AB31-B4E870679C0E}.Release|Any CPU.ActiveCfg = Release|Any CPU
		{1A285120-F2F0-4A94-AB31-B4E870679C0E}.Release|Any CPU.Build.0 = Release|Any CPU
		{C9E4E74F-33CB-49CE-9C85-2AEFD702816A}.Debug|Any CPU.ActiveCfg = Debug|Any CPU
		{C9E4E74F-33CB-49CE-9C85-2AEFD702816A}.Debug|Any CPU.Build.0 = Debug|Any CPU
		{C9E4E74F-33CB-49CE-9C85-2AEFD702816A}.Release|Any CPU.ActiveCfg = Release|Any CPU
		{C9E4E74F-33CB-49CE-9C85-2AEFD702816A}.Release|Any CPU.Build.0 = Release|Any CPU
		{BDCC5296-BFD4-411A-8F92-BF30AC85E0BA}.Debug|Any CPU.ActiveCfg = Debug|Any CPU
		{BDCC5296-BFD4-411A-8F92-BF30AC85E0BA}.Debug|Any CPU.Build.0 = Debug|Any CPU
		{BDCC5296-BFD4-411A-8F92-BF30AC85E0BA}.Release|Any CPU.ActiveCfg = Release|Any CPU
		{BDCC5296-BFD4-411A-8F92-BF30AC85E0BA}.Release|Any CPU.Build.0 = Release|Any CPU
		{10E7AE67-07A2-4748-A4FA-925F4B21758E}.Debug|Any CPU.ActiveCfg = Debug|Any CPU
		{10E7AE67-07A2-4748-A4FA-925F4B21758E}.Debug|Any CPU.Build.0 = Debug|Any CPU
		{10E7AE67-07A2-4748-A4FA-925F4B21758E}.Release|Any CPU.ActiveCfg = Release|Any CPU
		{10E7AE67-07A2-4748-A4FA-925F4B21758E}.Release|Any CPU.Build.0 = Release|Any CPU
		{8AE8A717-6FEC-4F05-BECD-19A6CC293FB5}.Debug|Any CPU.ActiveCfg = Debug|Any CPU
		{8AE8A717-6FEC-4F05-BECD-19A6CC293FB5}.Debug|Any CPU.Build.0 = Debug|Any CPU
		{8AE8A717-6FEC-4F05-BECD-19A6CC293FB5}.Release|Any CPU.ActiveCfg = Release|Any CPU
		{8AE8A717-6FEC-4F05-BECD-19A6CC293FB5}.Release|Any CPU.Build.0 = Release|Any CPU
		{6F06E19D-1A85-420D-BF6A-674237C770E2}.Debug|Any CPU.ActiveCfg = Debug|Any CPU
		{6F06E19D-1A85-420D-BF6A-674237C770E2}.Debug|Any CPU.Build.0 = Debug|Any CPU
		{6F06E19D-1A85-420D-BF6A-674237C770E2}.Release|Any CPU.ActiveCfg = Release|Any CPU
		{6F06E19D-1A85-420D-BF6A-674237C770E2}.Release|Any CPU.Build.0 = Release|Any CPU
		{E6BDA98E-74D3-4A5C-BA49-5D2D3CD127D3}.Debug|Any CPU.ActiveCfg = Debug|Any CPU
		{E6BDA98E-74D3-4A5C-BA49-5D2D3CD127D3}.Debug|Any CPU.Build.0 = Debug|Any CPU
		{E6BDA98E-74D3-4A5C-BA49-5D2D3CD127D3}.Release|Any CPU.ActiveCfg = Release|Any CPU
		{E6BDA98E-74D3-4A5C-BA49-5D2D3CD127D3}.Release|Any CPU.Build.0 = Release|Any CPU
		{5F1A2B64-4E3E-44B9-B63E-21D3EB075859}.Debug|Any CPU.ActiveCfg = Debug|Any CPU
		{5F1A2B64-4E3E-44B9-B63E-21D3EB075859}.Debug|Any CPU.Build.0 = Debug|Any CPU
		{5F1A2B64-4E3E-44B9-B63E-21D3EB075859}.Release|Any CPU.ActiveCfg = Release|Any CPU
		{5F1A2B64-4E3E-44B9-B63E-21D3EB075859}.Release|Any CPU.Build.0 = Release|Any CPU
		{C113E052-9096-45A6-82BC-DD82C5001CE5}.Debug|Any CPU.ActiveCfg = Debug|Any CPU
		{C113E052-9096-45A6-82BC-DD82C5001CE5}.Debug|Any CPU.Build.0 = Debug|Any CPU
		{C113E052-9096-45A6-82BC-DD82C5001CE5}.Release|Any CPU.ActiveCfg = Release|Any CPU
		{C113E052-9096-45A6-82BC-DD82C5001CE5}.Release|Any CPU.Build.0 = Release|Any CPU
		{A8B66B25-6CE8-4B01-A622-D37D4A0029D0}.Debug|Any CPU.ActiveCfg = Debug|Any CPU
		{A8B66B25-6CE8-4B01-A622-D37D4A0029D0}.Debug|Any CPU.Build.0 = Debug|Any CPU
		{A8B66B25-6CE8-4B01-A622-D37D4A0029D0}.Release|Any CPU.ActiveCfg = Release|Any CPU
		{A8B66B25-6CE8-4B01-A622-D37D4A0029D0}.Release|Any CPU.Build.0 = Release|Any CPU
	EndGlobalSection
	GlobalSection(SolutionProperties) = preSolution
		HideSolutionNode = FALSE
	EndGlobalSection
	GlobalSection(NestedProjects) = preSolution
		{6F06E19D-1A85-420D-BF6A-674237C770E2} = {52D65A64-6583-4C2B-A41B-009A739CCC80}
		{E6BDA98E-74D3-4A5C-BA49-5D2D3CD127D3} = {52D65A64-6583-4C2B-A41B-009A739CCC80}
		{5F1A2B64-4E3E-44B9-B63E-21D3EB075859} = {52D65A64-6583-4C2B-A41B-009A739CCC80}
		{C113E052-9096-45A6-82BC-DD82C5001CE5} = {52D65A64-6583-4C2B-A41B-009A739CCC80}
		{A8B66B25-6CE8-4B01-A622-D37D4A0029D0} = {52D65A64-6583-4C2B-A41B-009A739CCC80}
	EndGlobalSection
EndGlobal
